{
	"name": "auto-picture-split",
	"version": "1.0.1",
	"lockfileVersion": 3,
	"requires": true,
	"packages": {
		"": {
			"name": "auto-picture-split",
			"version": "1.0.1",
			"license": "MIT",
			"dependencies": {
				"chokidar": "^5.0.0",
				"exiftool-vendored": "^35.10.1"
			}
		},
		"node_modules/@photostructure/tz-lookup": {
			"version": "11.4.0",
			"resolved": "https://registry.npmjs.org/@photostructure/tz-lookup/-/tz-lookup-11.4.0.tgz",
			"integrity": "sha512-yrFaDbQQZVJIzpCTnoghWO8Rttu22Hg7/JkfP3CM8UKniXYzD80cuv4UAsFkzP5Z6XWceWNsQTqUJHKyGNXzLg==",
			"license": "CC0-1.0"
		},
		"node_modules/@types/luxon": {
			"version": "3.7.1",
			"resolved": "https://registry.npmjs.org/@types/luxon/-/luxon-3.7.1.tgz",
			"integrity": "sha512-H3iskjFIAn5SlJU7OuxUmTEpebK6TKB8rxZShDslBMZJ5u9S//KM1sbdAisiSrqwLQncVjnpi2OK2J51h+4lsg==",
			"license": "MIT"
		},
		"node_modules/batch-cluster": {
			"version": "17.3.1",
			"resolved": "https://registry.npmjs.org/batch-cluster/-/batch-cluster-17.3.1.tgz",
			"integrity": "sha512-/aWEgZKXgvEseV3WEIRyjDoFka9FTrpt5+FYCxn+giUgveGBKxWjz3cl26V3aD+1kvOBP3nmANZZfcXDmKzcAA==",
			"license": "MIT",
			"engines": {
				"node": ">=20"
			}
		},
		"node_modules/chokidar": {
			"version": "5.0.0",
			"resolved": "https://registry.npmjs.org/chokidar/-/chokidar-5.0.0.tgz",
			"integrity": "sha512-TQMmc3w+5AxjpL8iIiwebF73dRDF4fBIieAqGn9RGCWaEVwQ6Fb2cGe31Yns0RRIzii5goJ1Y7xbMwo1TxMplw==",
			"license": "MIT",
			"dependencies": {
				"readdirp": "^5.0.0"
			},
			"engines": {
				"node": ">= 20.19.0"
			},
			"funding": {
				"url": "https://paulmillr.com/funding/"
			}
		},
		"node_modules/exiftool-vendored": {
			"version": "35.10.1",
			"resolved": "https://registry.npmjs.org/exiftool-vendored/-/exiftool-vendored-35.10.1.tgz",
			"integrity": "sha512-orD61HdNcdlegfD80wI+3JE/n+iobYPztpFqv2drLHb1rb2QEKR1QY62r+O0wZHHNIf3Bje+xjweS1hxWignQA==",
			"license": "MIT",
			"dependencies": {
				"@photostructure/tz-lookup": "^11.4.0",
				"@types/luxon": "^3.7.1",
				"batch-cluster": "^17.3.1",
				"he": "^1.2.0",
				"luxon": "^3.7.2"
			},
			"engines": {
				"node": ">=20.0.0"
			},
			"optionalDependencies": {
				"exiftool-vendored.exe": "13.51.0",
				"exiftool-vendored.pl": "13.51.0"
			}
		},
		"node_modules/exiftool-vendored.exe": {
			"version": "13.51.0",
			"resolved": "https://registry.npmjs.org/exiftool-vendored.exe/-/exiftool-vendored.exe-13.51.0.tgz",
			"integrity": "sha512-Q49J2c4e+XSGYDJf9PYMVI/IUfUkHLRsPUeDJ2ZekEBVLuw2g7ye9x0vQGWZKwEeZTlnXol7SeBJB0wtAmzM9w==",
			"license": "MIT",
			"optional": true,
			"os": [
				"win32"
			]
		},
		"node_modules/exiftool-vendored.pl": {
			"version": "13.51.0",
			"resolved": "https://registry.npmjs.org/exiftool-vendored.pl/-/exiftool-vendored.pl-13.51.0.tgz",
			"integrity": "sha512-RhDM10w4kv5YNCvECj0aLXZXi0UWyzVo2OS4P/hpmyCHL+NGCkZ6N9z/Yc3ek0cEfCj4AiLhe8C96pnz/Fw9Yg==",
			"license": "MIT",
			"optional": true,
			"os": [
				"!win32"
			],
			"bin": {
				"exiftool": "bin/exiftool"
			}
		},
		"node_modules/he": {
			"version": "1.2.0",
			"resolved": "https://registry.npmjs.org/he/-/he-1.2.0.tgz",
			"integrity": "sha512-F/1DnUGPopORZi0ni+CvrCgHQ5FyEAHRLSApuYWMmrbSwoN2Mn/7k+Gl38gJnR7yyDZk6WLXwiGod1JOWNDKGw==",
			"license": "MIT",
			"bin": {
				"he": "bin/he"
			}
		},
		"node_modules/luxon": {
			"version": "3.7.2",
			"resolved": "https://registry.npmjs.org/luxon/-/luxon-3.7.2.tgz",
			"integrity": "sha512-vtEhXh/gNjI9Yg1u4jX/0YVPMvxzHuGgCm6tC5kZyb08yjGWGnqAjGJvcXbqQR2P3MyMEFnRbpcdFS6PBcLqew==",
			"license": "MIT",
			"engines": {
				"node": ">=12"
			}
		},
		"node_modules/readdirp": {
			"version": "5.0.0",
			"resolved": "https://registry.npmjs.org/readdirp/-/readdirp-5.0.0.tgz",
			"integrity": "sha512-9u/XQ1pvrQtYyMpZe7DXKv2p5CNvyVwzUB6uhLAnQwHMSgKMBR62lc7AHljaeteeHXn11XTAaLLUVZYVZyuRBQ==",
			"license": "MIT",
			"engines": {
				"node": ">= 20.19.0"
			},
			"funding": {
				"type": "individual",
				"url": "https://paulmillr.com/funding/"
			}
		}
	}
}
